
Microsoft Visual Studio Solution File, Format Version 12.00
# Visual Studio Version 17
VisualStudioVersion = 17.10.34928.147
MinimumVisualStudioVersion = 10.0.40219.1
Project("{FAE04EC0-301F-11D3-BF4B-00C04F79EFBC}") = "Employee Accounting", "Employee Accounting\Employee Accounting.csproj", "{D8334073-5194-4D93-BD93-7BD4B7A0D64F}"
EndProject
Global
	GlobalSection(SolutionConfigurationPlatforms) = preSolution
		Debug|Any CPU = Debug|Any CPU
		Release|Any CPU = Release|Any CPU
	EndGlobalSection
	GlobalSection(ProjectConfigurationPlatforms) = postSolution
		{D8334073-5194-4D93-BD93-7BD4B7A0D64F}.Debug|Any CPU.ActiveCfg = Debug|Any CPU
		{D8334073-5194-4D93-BD93-7BD4B7A0D64F}.Debug|Any CPU.Build.0 = Debug|Any CPU
		{D8334073-5194-4D93-BD93-7BD4B7A0D64F}.Release|Any CPU.ActiveCfg = Release|Any CPU
		{D8334073-5194-4D93-BD93-7BD4B7A0D64F}.Release|Any CPU.Build.0 = Release|Any CPU
	EndGlobalSection
	GlobalSection(SolutionProperties) = preSolution
		HideSolutionNode = FALSE
	EndGlobalSection
	GlobalSection(ExtensibilityGlobals) = postSolution
		SolutionGuid = {06B4BAA9-EC81-4F4D-9666-7E725A90BF21}
	EndGlobalSection
EndGlobal
